// !$*UTF8*$!
{
	archiveVersion = 1;
	classes = {
	};
	objectVersion = 46;
	objects = {

/* Begin PBXBuildFile section */
		544605B21790D49B006B3438 /* UIKit.framework in Frameworks */ = {isa = PBXBuildFile; fileRef = 544605B11790D49B006B3438 /* UIKit.framework */; };
		544605B41790D49B006B3438 /* Foundation.framework in Frameworks */ = {isa = PBXBuildFile; fileRef = 544605B31790D49B006B3438 /* Foundation.framework */; };
		544605B61790D49B006B3438 /* CoreGraphics.framework in Frameworks */ = {isa = PBXBuildFile; fileRef = 544605B51790D49B006B3438 /* CoreGraphics.framework */; };
		544605BC1790D49B006B3438 /* InfoPlist.strings in Resources */ = {isa = PBXBuildFile; fileRef = 544605BA1790D49B006B3438 /* InfoPlist.strings */; };
		544605BE1790D49B006B3438 /* main.m in Sources */ = {isa = PBXBuildFile; fileRef = 544605BD1790D49B006B3438 /* main.m */; };
		544605C21790D49B006B3438 /* AppDelegate.m in Sources */ = {isa = PBXBuildFile; fileRef = 544605C11790D49B006B3438 /* AppDelegate.m */; };
		544605C41790D49B006B3438 /* Default.png in Resources */ = {isa = PBXBuildFile; fileRef = 544605C31790D49B006B3438 /* Default.png */; };
		544605C61790D49B006B3438 /* Default@2x.png in Resources */ = {isa = PBXBuildFile; fileRef = 544605C51790D49B006B3438 /* Default@2x.png */; };
		544605C81790D49B006B3438 /* Default-568h@2x.png in Resources */ = {isa = PBXBuildFile; fileRef = 544605C71790D49B006B3438 /* Default-568h@2x.png */; };
/* End PBXBuildFile section */

/* Begin PBXFileReference section */
		544605AE1790D49B006B3438 /* VideoFix.app */ = {isa = PBXFileReference; explicitFileType = wrapper.application; includeInIndex = 0; path = VideoFix.app; sourceTree = BUILT_PRODUCTS_DIR; };
		544605B11790D49B006B3438 /* UIKit.framework */ = {isa = PBXFileReference; lastKnownFileType = wrapper.framework; name = UIKit.framework; path = System/Library/Frameworks/UIKit.framework; sourceTree = SDKROOT; };
		544605B31790D49B006B3438 /* Foundation.framework */ = {isa = PBXFileReference; lastKnownFileType = wrapper.framework; name = Foundation.framework; path = System/Library/Frameworks/Foundation.framework; sourceTree = SDKROOT; };
		544605B51790D49B006B3438 /* CoreGraphics.framework */ = {isa = PBXFileReference; lastKnownFileType = wrapper.framework; name = CoreGraphics.framework; path = System/Library/Frameworks/CoreGraphics.framework; sourceTree = SDKROOT; };
		544605B91790D49B006B3438 /* VideoFix-Info.plist */ = {isa = PBXFileReference; lastKnownFileType = text.plist.xml; path = "VideoFix-Info.plist"; sourceTree = "<group>"; };
		544605BB1790D49B006B3438 /* en */ = {isa = PBXFileReference; lastKnownFileType = text.plist.strings; name = en; path = en.lproj/InfoPlist.strings; sourceTree = "<group>"; };
		544605BD1790D49B006B3438 /* main.m */ = {isa = PBXFileReference; lastKnownFileType = sourcecode.c.objc; path = main.m; sourceTree = "<group>"; };
		544605BF1790D49B006B3438 /* VideoFix-Prefix.pch */ = {isa = PBXFileReference; lastKnownFileType = sourcecode.c.h; path = "VideoFix-Prefix.pch"; sourceTree = "<group>"; };
		544605C01790D49B006B3438 /* AppDelegate.h */ = {isa = PBXFileReference; lastKnownFileType = sourcecode.c.h; path = AppDelegate.h; sourceTree = "<group>"; };
		544605C11790D49B006B3438 /* AppDelegate.m */ = {isa = PBXFileReference; lastKnownFileType = sourcecode.c.objc; path = AppDelegate.m; sourceTree = "<group>"; };
		544605C31790D49B006B3438 /* Default.png */ = {isa = PBXFileReference; lastKnownFileType = image.png; path = Default.png; sourceTree = "<group>"; };
		544605C51790D49B006B3438 /* Default@2x.png */ = {isa = PBXFileReference; lastKnownFileType = image.png; path = "Default@2x.png"; sourceTree = "<group>"; };
		544605C71790D49B006B3438 /* Default-568h@2x.png */ = {isa = PBXFileReference; lastKnownFileType = image.png; path = "Default-568h@2x.png"; sourceTree = "<group>"; };
/* End PBXFileReference section */

/* Begin PBXFrameworksBuildPhase section */
		544605AB1790D49B006B3438 /* Frameworks */ = {
			isa = PBXFrameworksBuildPhase;
			buildActionMask = 2147483647;
			files = (
				544605B21790D49B006B3438 /* UIKit.framework in Frameworks */,
				544605B41790D49B006B3438 /* Foundation.framework in Frameworks */,
				544605B61790D49B006B3438 /* CoreGraphics.framework in Frameworks */,
			);
			runOnlyForDeploymentPostprocessing = 0;
		};
/* End PBXFrameworksBuildPhase section */

/* Begin PBXGroup section */
		544605A51790D49B006B3438 = {
			isa = PBXGroup;
			children = (
				544605B71790D49B006B3438 /* VideoFix */,
				544605B01790D49B006B3438 /* Frameworks */,
				544605AF1790D49B006B3438 /* Products */,
			);
			sourceTree = "<group>";
		};
		544605AF1790D49B006B3438 /* Products */ = {
			isa = PBXGroup;
			children = (
				544605AE1790D49B006B3438 /* VideoFix.app */,
			);
			name = Products;
			sourceTree = "<group>";
		};
		544605B01790D49B006B3438 /* Frameworks */ = {
			isa = PBXGroup;
			children = (
				544605B11790D49B006B3438 /* UIKit.framework */,
				544605B31790D49B006B3438 /* Foundation.framework */,
				544605B51790D49B006B3438 /* CoreGraphics.framework */,
			);
			name = Frameworks;
			sourceTree = "<group>";
		};
		544605B71790D49B006B3438 /* VideoFix */ = {
			isa = PBXGroup;
			children = (
				544605C01790D49B006B3438 /* AppDelegate.h */,
				544605C11790D49B006B3438 /* AppDelegate.m */,
				544605B81790D49B006B3438 /* Supporting Files */,
			);
			path = VideoFix;
			sourceTree = "<group>";
		};
		544605B81790D49B006B3438 /* Supporting Files */ = {
			isa = PBXGroup;
			children = (
				544605B91790D49B006B3438 /* VideoFix-Info.plist */,
				544605BA1790D49B006B3438 /* InfoPlist.strings */,
				544605BD1790D49B006B3438 /* main.m */,
				544605BF1790D49B006B3438 /* VideoFix-Prefix.pch */,
				544605C31790D49B006B3438 /* Default.png */,
				544605C51790D49B006B3438 /* Default@2x.png */,
				544605C71790D49B006B3438 /* Default-568h@2x.png */,
			);
			name = "Supporting Files";
			sourceTree = "<group>";
		};
/* End PBXGroup section */

/* Begin PBXNativeTarget section */
		544605AD1790D49B006B3438 /* VideoFix */ = {
			isa = PBXNativeTarget;
			buildConfigurationList = 544605CB1790D49B006B3438 /* Build configuration list for PBXNativeTarget "VideoFix" */;
			buildPhases = (
				544605AA1790D49B006B3438 /* Sources */,
				544605AB1790D49B006B3438 /* Frameworks */,
				544605AC1790D49B006B3438 /* Resources */,
			);
			buildRules = (
			);
			dependencies = (
			);
			name = VideoFix;
			productName = VideoFix;
			productReference = 544605AE1790D49B006B3438 /* VideoFix.app */;
			productType = "com.apple.product-type.application";
		};
/* End PBXNativeTarget section */

/* Begin PBXProject section */
		544605A61790D49B006B3438 /* Project object */ = {
			isa = PBXProject;
			attributes = {
				LastUpgradeCheck = 0460;
				ORGANIZATIONNAME = "Florian Reiss";
			};
			buildConfigurationList = 544605A91790D49B006B3438 /* Build configuration list for PBXProject "VideoFix" */;
			compatibilityVersion = "Xcode 3.2";
			developmentRegion = English;
			hasScannedForEncodings = 0;
			knownRegions = (
				en,
			);
			mainGroup = 544605A51790D49B006B3438;
			productRefGroup = 544605AF1790D49B006B3438 /* Products */;
			projectDirPath = "";
			projectRoot = "";
			targets = (
				544605AD1790D49B006B3438 /* VideoFix */,
			);
		};
/* End PBXProject section */

/* Begin PBXResourcesBuildPhase section */
		544605AC1790D49B006B3438 /* Resources */ = {
			isa = PBXResourcesBuildPhase;
			buildActionMask = 2147483647;
			files = (
				544605BC1790D49B006B3438 /* InfoPlist.strings in Resources */,
				544605C41790D49B006B3438 /* Default.png in Resources */,
				544605C61790D49B006B3438 /* Default@2x.png in Resources */,
				544605C81790D49B006B3438 /* Default-568h@2x.png in Resources */,
			);
			runOnlyForDeploymentPostprocessing = 0;
		};
/* End PBXResourcesBuildPhase section */

/* Begin PBXSourcesBuildPhase section */
		544605AA1790D49B006B3438 /* Sources */ = {
			isa = PBXSourcesBuildPhase;
			buildActionMask = 2147483647;
			files = (
				544605BE1790D49B006B3438 /* main.m in Sources */,
				544605C21790D49B006B3438 /* AppDelegate.m in Sources */,
			);
			runOnlyForDeploymentPostprocessing = 0;
		};
/* End PBXSourcesBuildPhase section */

/* Begin PBXVariantGroup section */
		544605BA1790D49B006B3438 /* InfoPlist.strings */ = {
			isa = PBXVariantGroup;
			children = (
				544605BB1790D49B006B3438 /* en */,
			);
			name = InfoPlist.strings;
			sourceTree = "<group>";
		};
/* End PBXVariantGroup section */

/* Begin XCBuildConfiguration section */
		544605C91790D49B006B3438 /* Debug */ = {
			isa = XCBuildConfiguration;
			buildSettings = {
				ALWAYS_SEARCH_USER_PATHS = NO;
				CLANG_CXX_LANGUAGE_STANDARD = "gnu++0x";
				CLANG_CXX_LIBRARY = "libc++";
				CLANG_ENABLE_OBJC_ARC = YES;
				CLANG_WARN_CONSTANT_CONVERSION = YES;
				CLANG_WARN_EMPTY_BODY = YES;
				CLANG_WARN_ENUM_CONVERSION = YES;
				CLANG_WARN_INT_CONVERSION = YES;
				CLANG_WARN__DUPLICATE_METHOD_MATCH = YES;
				"CODE_SIGN_IDENTITY[sdk=iphoneos*]" = "iPhone Developer";
				COPY_PHASE_STRIP = NO;
				GCC_C_LANGUAGE_STANDARD = gnu99;
				GCC_DYNAMIC_NO_PIC = NO;
				GCC_OPTIMIZATION_LEVEL = 0;
				GCC_PREPROCESSOR_DEFINITIONS = (
					"DEBUG=1",
					"$(inherited)",
				);
				GCC_SYMBOLS_PRIVATE_EXTERN = NO;
				GCC_WARN_ABOUT_RETURN_TYPE = YES;
				GCC_WARN_UNINITIALIZED_AUTOS = YES;
				GCC_WARN_UNUSED_VARIABLE = YES;
				IPHONEOS_DEPLOYMENT_TARGET = 6.1;
				ONLY_ACTIVE_ARCH = YES;
				SDKROOT = iphoneos;
			};
			name = Debug;
		};
		544605CA1790D49B006B3438 /* Release */ = {
			isa = XCBuildConfiguration;
			buildSettings = {
				ALWAYS_SEARCH_USER_PATHS = NO;
				CLANG_CXX_LANGUAGE_STANDARD = "gnu++0x";
				CLANG_CXX_LIBRARY = "libc++";
				CLANG_ENABLE_OBJC_ARC = YES;
				CLANG_WARN_CONSTANT_CONVERSION = YES;
				CLANG_WARN_EMPTY_BODY = YES;
				CLANG_WARN_ENUM_CONVERSION = YES;
				CLANG_WARN_INT_CONVERSION = YES;
				CLANG_WARN__DUPLICATE_METHOD_MATCH = YES;
				"CODE_SIGN_IDENTITY[sdk=iphoneos*]" = "iPhone Developer";
				COPY_PHASE_STRIP = YES;
				GCC_C_LANGUAGE_STANDARD = gnu99;
				GCC_WARN_ABOUT_RETURN_TYPE = YES;
				GCC_WARN_UNINITIALIZED_AUTOS = YES;
				GCC_WARN_UNUSED_VARIABLE = YES;
				IPHONEOS_DEPLOYMENT_TARGET = 6.1;
				OTHER_CFLAGS = "-DNS_BLOCK_ASSERTIONS=1";
				SDKROOT = iphoneos;
				VALIDATE_PRODUCT = YES;
			};
			name = Release;
		};
		544605CC1790D49B006B3438 /* Debug */ = {
			isa = XCBuildConfiguration;
			buildSettings = {
				GCC_PRECOMPILE_PREFIX_HEADER = YES;
				GCC_PREFIX_HEADER = "VideoFix/VideoFix-Prefix.pch";
				INFOPLIST_FILE = "VideoFix/VideoFix-Info.plist";
				PRODUCT_NAME = "$(TARGET_NAME)";
				WRAPPER_EXTENSION = app;
			};
			name = Debug;
		};
		544605CD1790D49B006B3438 /* Release */ = {
			isa = XCBuildConfiguration;
			buildSettings = {
				GCC_PRECOMPILE_PREFIX_HEADER = YES;
				GCC_PREFIX_HEADER = "VideoFix/VideoFix-Prefix.pch";
				INFOPLIST_FILE = "VideoFix/VideoFix-Info.plist";
				PRODUCT_NAME = "$(TARGET_NAME)";
				WRAPPER_EXTENSION = app;
			};
			name = Release;
		};
/* End XCBuildConfiguration section */

/* Begin XCConfigurationList section */
		544605A91790D49B006B3438 /* Build configuration list for PBXProject "VideoFix" */ = {
			isa = XCConfigurationList;
			buildConfigurations = (
				544605C91790D49B006B3438 /* Debug */,
				544605CA1790D49B006B3438 /* Release */,
			);
			defaultConfigurationIsVisible = 0;
			defaultConfigurationName = Release;
		};
		544605CB1790D49B006B3438 /* Build configuration list for PBXNativeTarget "VideoFix" */ = {
			isa = XCConfigurationList;
			buildConfigurations = (
				544605CC1790D49B006B3438 /* Debug */,
				544605CD1790D49B006B3438 /* Release */,
			);
			defaultConfigurationIsVisible = 0;
		};
/* End XCConfigurationList section */
	};
	rootObject = 544605A61790D49B006B3438 /* Project object */;
}
