// !$*UTF8*$!
{
	archiveVersion = 1;
	classes = {
	};
	objectVersion = 46;
	objects = {

/* Begin PBXBuildFile section */
		29DEE29317A5BFBA00DD90C1 /* ImageIO.framework in Frameworks */ = {isa = PBXBuildFile; fileRef = 29DEE29217A5BFBA00DD90C1 /* ImageIO.framework */; };
		5426F1C21790DF520024D5B4 /* Requests.m in Sources */ = {isa = PBXBuildFile; fileRef = 5426F1C11790DF520024D5B4 /* Requests.m */; };
		544605B21790D49B006B3438 /* UIKit.framework in Frameworks */ = {isa = PBXBuildFile; fileRef = 544605B11790D49B006B3438 /* UIKit.framework */; };
		544605B41790D49B006B3438 /* Foundation.framework in Frameworks */ = {isa = PBXBuildFile; fileRef = 544605B31790D49B006B3438 /* Foundation.framework */; };
		544605B61790D49B006B3438 /* CoreGraphics.framework in Frameworks */ = {isa = PBXBuildFile; fileRef = 544605B51790D49B006B3438 /* CoreGraphics.framework */; };
		544605BC1790D49B006B3438 /* InfoPlist.strings in Resources */ = {isa = PBXBuildFile; fileRef = 544605BA1790D49B006B3438 /* InfoPlist.strings */; };
		544605BE1790D49B006B3438 /* main.m in Sources */ = {isa = PBXBuildFile; fileRef = 544605BD1790D49B006B3438 /* main.m */; };
		544605C21790D49B006B3438 /* AppDelegate.m in Sources */ = {isa = PBXBuildFile; fileRef = 544605C11790D49B006B3438 /* AppDelegate.m */; };
		544605C41790D49B006B3438 /* Default.png in Resources */ = {isa = PBXBuildFile; fileRef = 544605C31790D49B006B3438 /* Default.png */; };
		544605C61790D49B006B3438 /* Default@2x.png in Resources */ = {isa = PBXBuildFile; fileRef = 544605C51790D49B006B3438 /* Default@2x.png */; };
		544605C81790D49B006B3438 /* Default-568h@2x.png in Resources */ = {isa = PBXBuildFile; fileRef = 544605C71790D49B006B3438 /* Default-568h@2x.png */; };
		544605DA1790D4CF006B3438 /* MFSideMenuContainerViewController.m in Sources */ = {isa = PBXBuildFile; fileRef = 544605D91790D4CF006B3438 /* MFSideMenuContainerViewController.m */; };
		544605DC1790D4E6006B3438 /* QuartzCore.framework in Frameworks */ = {isa = PBXBuildFile; fileRef = 544605DB1790D4E6006B3438 /* QuartzCore.framework */; };
		544605E01790D528006B3438 /* CenterViewController.m in Sources */ = {isa = PBXBuildFile; fileRef = 544605DE1790D528006B3438 /* CenterViewController.m */; };
		544605E11790D528006B3438 /* CenterViewController.xib in Resources */ = {isa = PBXBuildFile; fileRef = 544605DF1790D528006B3438 /* CenterViewController.xib */; };
		544605E41790D673006B3438 /* SideMenuViewController.m in Sources */ = {isa = PBXBuildFile; fileRef = 544605E31790D673006B3438 /* SideMenuViewController.m */; };
		5480D55517A03E3B0069ABAC /* Question.m in Sources */ = {isa = PBXBuildFile; fileRef = 5480D55417A03E3B0069ABAC /* Question.m */; };
		5480D55917A041CC0069ABAC /* QuestionParser.m in Sources */ = {isa = PBXBuildFile; fileRef = 5480D55817A041CC0069ABAC /* QuestionParser.m */; };
		5480D56817A0BCBE0069ABAC /* QuestionsViewController.m in Sources */ = {isa = PBXBuildFile; fileRef = 5480D56617A0BCBE0069ABAC /* QuestionsViewController.m */; };
		5480D56917A0BCBE0069ABAC /* QuestionsViewController.xib in Resources */ = {isa = PBXBuildFile; fileRef = 5480D56717A0BCBE0069ABAC /* QuestionsViewController.xib */; };
		5480D56C17A0C55B0069ABAC /* QuestionCell.m in Sources */ = {isa = PBXBuildFile; fileRef = 5480D56B17A0C55B0069ABAC /* QuestionCell.m */; };
		5480D56E17A0C5700069ABAC /* QuestionCell.xib in Resources */ = {isa = PBXBuildFile; fileRef = 5480D56D17A0C56F0069ABAC /* QuestionCell.xib */; };
		549C2C65179A5D81001E11D4 /* TopicsViewController.m in Sources */ = {isa = PBXBuildFile; fileRef = 549C2C63179A5D81001E11D4 /* TopicsViewController.m */; };
		549C2C66179A5D81001E11D4 /* TopicsViewController.xib in Resources */ = {isa = PBXBuildFile; fileRef = 549C2C64179A5D81001E11D4 /* TopicsViewController.xib */; };
/* End PBXBuildFile section */

/* Begin PBXFileReference section */
		29DEE0DD17A5A2BA00DD90C1 /* Constants.h */ = {isa = PBXFileReference; lastKnownFileType = sourcecode.c.h; path = Constants.h; sourceTree = "<group>"; };
		29DEE29217A5BFBA00DD90C1 /* ImageIO.framework */ = {isa = PBXFileReference; lastKnownFileType = wrapper.framework; name = ImageIO.framework; path = System/Library/Frameworks/ImageIO.framework; sourceTree = SDKROOT; };
		5426F1C01790DF520024D5B4 /* Requests.h */ = {isa = PBXFileReference; fileEncoding = 4; lastKnownFileType = sourcecode.c.h; path = Requests.h; sourceTree = "<group>"; };
		5426F1C11790DF520024D5B4 /* Requests.m */ = {isa = PBXFileReference; fileEncoding = 4; lastKnownFileType = sourcecode.c.objc; path = Requests.m; sourceTree = "<group>"; };
		544605AE1790D49B006B3438 /* VideoFix.app */ = {isa = PBXFileReference; explicitFileType = wrapper.application; includeInIndex = 0; path = VideoFix.app; sourceTree = BUILT_PRODUCTS_DIR; };
		544605B11790D49B006B3438 /* UIKit.framework */ = {isa = PBXFileReference; lastKnownFileType = wrapper.framework; name = UIKit.framework; path = System/Library/Frameworks/UIKit.framework; sourceTree = SDKROOT; };
		544605B31790D49B006B3438 /* Foundation.framework */ = {isa = PBXFileReference; lastKnownFileType = wrapper.framework; name = Foundation.framework; path = System/Library/Frameworks/Foundation.framework; sourceTree = SDKROOT; };
		544605B51790D49B006B3438 /* CoreGraphics.framework */ = {isa = PBXFileReference; lastKnownFileType = wrapper.framework; name = CoreGraphics.framework; path = System/Library/Frameworks/CoreGraphics.framework; sourceTree = SDKROOT; };
		544605B91790D49B006B3438 /* VideoFix-Info.plist */ = {isa = PBXFileReference; lastKnownFileType = text.plist.xml; path = "VideoFix-Info.plist"; sourceTree = "<group>"; };
		544605BB1790D49B006B3438 /* en */ = {isa = PBXFileReference; lastKnownFileType = text.plist.strings; name = en; path = en.lproj/InfoPlist.strings; sourceTree = "<group>"; };
		544605BD1790D49B006B3438 /* main.m */ = {isa = PBXFileReference; lastKnownFileType = sourcecode.c.objc; path = main.m; sourceTree = "<group>"; };
		544605BF1790D49B006B3438 /* VideoFix-Prefix.pch */ = {isa = PBXFileReference; lastKnownFileType = sourcecode.c.h; path = "VideoFix-Prefix.pch"; sourceTree = "<group>"; };
		544605C01790D49B006B3438 /* AppDelegate.h */ = {isa = PBXFileReference; lastKnownFileType = sourcecode.c.h; path = AppDelegate.h; sourceTree = "<group>"; };
		544605C11790D49B006B3438 /* AppDelegate.m */ = {isa = PBXFileReference; lastKnownFileType = sourcecode.c.objc; path = AppDelegate.m; sourceTree = "<group>"; };
		544605C31790D49B006B3438 /* Default.png */ = {isa = PBXFileReference; lastKnownFileType = image.png; path = Default.png; sourceTree = "<group>"; };
		544605C51790D49B006B3438 /* Default@2x.png */ = {isa = PBXFileReference; lastKnownFileType = image.png; path = "Default@2x.png"; sourceTree = "<group>"; };
		544605C71790D49B006B3438 /* Default-568h@2x.png */ = {isa = PBXFileReference; lastKnownFileType = image.png; path = "Default-568h@2x.png"; sourceTree = "<group>"; };
		544605D71790D4CF006B3438 /* MFSideMenu.h */ = {isa = PBXFileReference; fileEncoding = 4; lastKnownFileType = sourcecode.c.h; path = MFSideMenu.h; sourceTree = "<group>"; };
		544605D81790D4CF006B3438 /* MFSideMenuContainerViewController.h */ = {isa = PBXFileReference; fileEncoding = 4; lastKnownFileType = sourcecode.c.h; path = MFSideMenuContainerViewController.h; sourceTree = "<group>"; };
		544605D91790D4CF006B3438 /* MFSideMenuContainerViewController.m */ = {isa = PBXFileReference; fileEncoding = 4; lastKnownFileType = sourcecode.c.objc; path = MFSideMenuContainerViewController.m; sourceTree = "<group>"; };
		544605DB1790D4E6006B3438 /* QuartzCore.framework */ = {isa = PBXFileReference; lastKnownFileType = wrapper.framework; name = QuartzCore.framework; path = System/Library/Frameworks/QuartzCore.framework; sourceTree = SDKROOT; };
		544605DD1790D528006B3438 /* CenterViewController.h */ = {isa = PBXFileReference; fileEncoding = 4; lastKnownFileType = sourcecode.c.h; path = CenterViewController.h; sourceTree = "<group>"; };
		544605DE1790D528006B3438 /* CenterViewController.m */ = {isa = PBXFileReference; fileEncoding = 4; lastKnownFileType = sourcecode.c.objc; path = CenterViewController.m; sourceTree = "<group>"; };
		544605DF1790D528006B3438 /* CenterViewController.xib */ = {isa = PBXFileReference; fileEncoding = 4; lastKnownFileType = file.xib; path = CenterViewController.xib; sourceTree = "<group>"; };
		544605E21790D673006B3438 /* SideMenuViewController.h */ = {isa = PBXFileReference; fileEncoding = 4; lastKnownFileType = sourcecode.c.h; path = SideMenuViewController.h; sourceTree = "<group>"; };
		544605E31790D673006B3438 /* SideMenuViewController.m */ = {isa = PBXFileReference; fileEncoding = 4; lastKnownFileType = sourcecode.c.objc; path = SideMenuViewController.m; sourceTree = "<group>"; };
		5480D55317A03E3B0069ABAC /* Question.h */ = {isa = PBXFileReference; fileEncoding = 4; lastKnownFileType = sourcecode.c.h; path = Question.h; sourceTree = "<group>"; };
		5480D55417A03E3B0069ABAC /* Question.m */ = {isa = PBXFileReference; fileEncoding = 4; lastKnownFileType = sourcecode.c.objc; path = Question.m; sourceTree = "<group>"; };
		5480D55717A041CC0069ABAC /* QuestionParser.h */ = {isa = PBXFileReference; fileEncoding = 4; lastKnownFileType = sourcecode.c.h; path = QuestionParser.h; sourceTree = "<group>"; };
		5480D55817A041CC0069ABAC /* QuestionParser.m */ = {isa = PBXFileReference; fileEncoding = 4; lastKnownFileType = sourcecode.c.objc; path = QuestionParser.m; sourceTree = "<group>"; };
		5480D56517A0BCBE0069ABAC /* QuestionsViewController.h */ = {isa = PBXFileReference; fileEncoding = 4; lastKnownFileType = sourcecode.c.h; path = QuestionsViewController.h; sourceTree = "<group>"; };
		5480D56617A0BCBE0069ABAC /* QuestionsViewController.m */ = {isa = PBXFileReference; fileEncoding = 4; lastKnownFileType = sourcecode.c.objc; path = QuestionsViewController.m; sourceTree = "<group>"; };
		5480D56717A0BCBE0069ABAC /* QuestionsViewController.xib */ = {isa = PBXFileReference; fileEncoding = 4; lastKnownFileType = file.xib; path = QuestionsViewController.xib; sourceTree = "<group>"; };
		5480D56A17A0C55B0069ABAC /* QuestionCell.h */ = {isa = PBXFileReference; fileEncoding = 4; lastKnownFileType = sourcecode.c.h; path = QuestionCell.h; sourceTree = "<group>"; };
		5480D56B17A0C55B0069ABAC /* QuestionCell.m */ = {isa = PBXFileReference; fileEncoding = 4; lastKnownFileType = sourcecode.c.objc; path = QuestionCell.m; sourceTree = "<group>"; };
		5480D56D17A0C56F0069ABAC /* QuestionCell.xib */ = {isa = PBXFileReference; fileEncoding = 4; lastKnownFileType = file.xib; path = QuestionCell.xib; sourceTree = "<group>"; };
		549C2C62179A5D81001E11D4 /* TopicsViewController.h */ = {isa = PBXFileReference; fileEncoding = 4; lastKnownFileType = sourcecode.c.h; path = TopicsViewController.h; sourceTree = "<group>"; };
		549C2C63179A5D81001E11D4 /* TopicsViewController.m */ = {isa = PBXFileReference; fileEncoding = 4; lastKnownFileType = sourcecode.c.objc; path = TopicsViewController.m; sourceTree = "<group>"; };
		549C2C64179A5D81001E11D4 /* TopicsViewController.xib */ = {isa = PBXFileReference; fileEncoding = 4; lastKnownFileType = file.xib; path = TopicsViewController.xib; sourceTree = "<group>"; };
/* End PBXFileReference section */

/* Begin PBXFrameworksBuildPhase section */
		544605AB1790D49B006B3438 /* Frameworks */ = {
			isa = PBXFrameworksBuildPhase;
			buildActionMask = 2147483647;
			files = (
				29DEE29317A5BFBA00DD90C1 /* ImageIO.framework in Frameworks */,
				544605DC1790D4E6006B3438 /* QuartzCore.framework in Frameworks */,
				544605B21790D49B006B3438 /* UIKit.framework in Frameworks */,
				544605B41790D49B006B3438 /* Foundation.framework in Frameworks */,
				544605B61790D49B006B3438 /* CoreGraphics.framework in Frameworks */,
			);
			runOnlyForDeploymentPostprocessing = 0;
		};
/* End PBXFrameworksBuildPhase section */

/* Begin PBXGroup section */
		5426F1BF1790DF210024D5B4 /* API */ = {
			isa = PBXGroup;
			children = (
				5426F1C01790DF520024D5B4 /* Requests.h */,
				5426F1C11790DF520024D5B4 /* Requests.m */,
				5480D55717A041CC0069ABAC /* QuestionParser.h */,
				5480D55817A041CC0069ABAC /* QuestionParser.m */,
			);
			path = API;
			sourceTree = "<group>";
		};
		544605A51790D49B006B3438 = {
			isa = PBXGroup;
			children = (
				544605B71790D49B006B3438 /* VideoFix */,
				544605B01790D49B006B3438 /* Frameworks */,
				544605AF1790D49B006B3438 /* Products */,
			);
			sourceTree = "<group>";
		};
		544605AF1790D49B006B3438 /* Products */ = {
			isa = PBXGroup;
			children = (
				544605AE1790D49B006B3438 /* VideoFix.app */,
			);
			name = Products;
			sourceTree = "<group>";
		};
		544605B01790D49B006B3438 /* Frameworks */ = {
			isa = PBXGroup;
			children = (
				544605D61790D4CF006B3438 /* MFSideMenu */,
				544605B51790D49B006B3438 /* CoreGraphics.framework */,
				544605B31790D49B006B3438 /* Foundation.framework */,
				544605DB1790D4E6006B3438 /* QuartzCore.framework */,
				29DEE29217A5BFBA00DD90C1 /* ImageIO.framework */,
				544605B11790D49B006B3438 /* UIKit.framework */,
			);
			name = Frameworks;
			sourceTree = "<group>";
		};
		544605B71790D49B006B3438 /* VideoFix */ = {
			isa = PBXGroup;
			children = (
				5480D55217A03E230069ABAC /* Objects */,
				5426F1BF1790DF210024D5B4 /* API */,
				5480D55017A03C7F0069ABAC /* BarsViewController */,
				5480D54F17A03C710069ABAC /* ViewController */,
				544605C01790D49B006B3438 /* AppDelegate.h */,
				544605C11790D49B006B3438 /* AppDelegate.m */,
				544605B81790D49B006B3438 /* Supporting Files */,
				5480D55117A03CBA0069ABAC /* Resources */,
			);
			path = VideoFix;
			sourceTree = "<group>";
		};
		544605B81790D49B006B3438 /* Supporting Files */ = {
			isa = PBXGroup;
			children = (
				544605B91790D49B006B3438 /* VideoFix-Info.plist */,
				544605BA1790D49B006B3438 /* InfoPlist.strings */,
				544605BD1790D49B006B3438 /* main.m */,
				544605BF1790D49B006B3438 /* VideoFix-Prefix.pch */,
				29DEE0DD17A5A2BA00DD90C1 /* Constants.h */,
			);
			name = "Supporting Files";
			sourceTree = "<group>";
		};
		544605D61790D4CF006B3438 /* MFSideMenu */ = {
			isa = PBXGroup;
			children = (
				544605D71790D4CF006B3438 /* MFSideMenu.h */,
				544605D81790D4CF006B3438 /* MFSideMenuContainerViewController.h */,
				544605D91790D4CF006B3438 /* MFSideMenuContainerViewController.m */,
			);
			path = MFSideMenu;
			sourceTree = "<group>";
		};
		5480D54F17A03C710069ABAC /* ViewController */ = {
			isa = PBXGroup;
			children = (
				544605DD1790D528006B3438 /* CenterViewController.h */,
				544605DE1790D528006B3438 /* CenterViewController.m */,
				544605DF1790D528006B3438 /* CenterViewController.xib */,
				5480D56517A0BCBE0069ABAC /* QuestionsViewController.h */,
				5480D56617A0BCBE0069ABAC /* QuestionsViewController.m */,
				5480D56717A0BCBE0069ABAC /* QuestionsViewController.xib */,
				5480D56A17A0C55B0069ABAC /* QuestionCell.h */,
				5480D56B17A0C55B0069ABAC /* QuestionCell.m */,
				5480D56D17A0C56F0069ABAC /* QuestionCell.xib */,
				549C2C62179A5D81001E11D4 /* TopicsViewController.h */,
				549C2C63179A5D81001E11D4 /* TopicsViewController.m */,
				549C2C64179A5D81001E11D4 /* TopicsViewController.xib */,
			);
			path = ViewController;
			sourceTree = "<group>";
		};
		5480D55017A03C7F0069ABAC /* BarsViewController */ = {
			isa = PBXGroup;
			children = (
				544605E21790D673006B3438 /* SideMenuViewController.h */,
				544605E31790D673006B3438 /* SideMenuViewController.m */,
			);
			path = BarsViewController;
			sourceTree = "<group>";
		};
		5480D55117A03CBA0069ABAC /* Resources */ = {
			isa = PBXGroup;
			children = (
				544605C31790D49B006B3438 /* Default.png */,
				544605C51790D49B006B3438 /* Default@2x.png */,
				544605C71790D49B006B3438 /* Default-568h@2x.png */,
			);
			path = Resources;
			sourceTree = "<group>";
		};
		5480D55217A03E230069ABAC /* Objects */ = {
			isa = PBXGroup;
			children = (
				5480D55317A03E3B0069ABAC /* Question.h */,
				5480D55417A03E3B0069ABAC /* Question.m */,
			);
			path = Objects;
			sourceTree = "<group>";
		};
/* End PBXGroup section */

/* Begin PBXNativeTarget section */
		544605AD1790D49B006B3438 /* VideoFix */ = {
			isa = PBXNativeTarget;
			buildConfigurationList = 544605CB1790D49B006B3438 /* Build configuration list for PBXNativeTarget "VideoFix" */;
			buildPhases = (
				544605AA1790D49B006B3438 /* Sources */,
				544605AB1790D49B006B3438 /* Frameworks */,
				544605AC1790D49B006B3438 /* Resources */,
			);
			buildRules = (
			);
			dependencies = (
			);
			name = VideoFix;
			productName = VideoFix;
			productReference = 544605AE1790D49B006B3438 /* VideoFix.app */;
			productType = "com.apple.product-type.application";
		};
/* End PBXNativeTarget section */

/* Begin PBXProject section */
		544605A61790D49B006B3438 /* Project object */ = {
			isa = PBXProject;
			attributes = {
				LastUpgradeCheck = 0460;
				ORGANIZATIONNAME = "Florian Reiss";
			};
			buildConfigurationList = 544605A91790D49B006B3438 /* Build configuration list for PBXProject "VideoFix" */;
			compatibilityVersion = "Xcode 3.2";
			developmentRegion = English;
			hasScannedForEncodings = 0;
			knownRegions = (
				en,
			);
			mainGroup = 544605A51790D49B006B3438;
			productRefGroup = 544605AF1790D49B006B3438 /* Products */;
			projectDirPath = "";
			projectRoot = "";
			targets = (
				544605AD1790D49B006B3438 /* VideoFix */,
			);
		};
/* End PBXProject section */

/* Begin PBXResourcesBuildPhase section */
		544605AC1790D49B006B3438 /* Resources */ = {
			isa = PBXResourcesBuildPhase;
			buildActionMask = 2147483647;
			files = (
				544605BC1790D49B006B3438 /* InfoPlist.strings in Resources */,
				544605C41790D49B006B3438 /* Default.png in Resources */,
				544605C61790D49B006B3438 /* Default@2x.png in Resources */,
				544605C81790D49B006B3438 /* Default-568h@2x.png in Resources */,
				544605E11790D528006B3438 /* CenterViewController.xib in Resources */,
				549C2C66179A5D81001E11D4 /* TopicsViewController.xib in Resources */,
				5480D56917A0BCBE0069ABAC /* QuestionsViewController.xib in Resources */,
				5480D56E17A0C5700069ABAC /* QuestionCell.xib in Resources */,
			);
			runOnlyForDeploymentPostprocessing = 0;
		};
/* End PBXResourcesBuildPhase section */

/* Begin PBXSourcesBuildPhase section */
		544605AA1790D49B006B3438 /* Sources */ = {
			isa = PBXSourcesBuildPhase;
			buildActionMask = 2147483647;
			files = (
				544605BE1790D49B006B3438 /* main.m in Sources */,
				544605C21790D49B006B3438 /* AppDelegate.m in Sources */,
				544605DA1790D4CF006B3438 /* MFSideMenuContainerViewController.m in Sources */,
				544605E01790D528006B3438 /* CenterViewController.m in Sources */,
				544605E41790D673006B3438 /* SideMenuViewController.m in Sources */,
				5426F1C21790DF520024D5B4 /* Requests.m in Sources */,
				549C2C65179A5D81001E11D4 /* TopicsViewController.m in Sources */,
				5480D55517A03E3B0069ABAC /* Question.m in Sources */,
				5480D55917A041CC0069ABAC /* QuestionParser.m in Sources */,
				5480D56817A0BCBE0069ABAC /* QuestionsViewController.m in Sources */,
				5480D56C17A0C55B0069ABAC /* QuestionCell.m in Sources */,
			);
			runOnlyForDeploymentPostprocessing = 0;
		};
/* End PBXSourcesBuildPhase section */

/* Begin PBXVariantGroup section */
		544605BA1790D49B006B3438 /* InfoPlist.strings */ = {
			isa = PBXVariantGroup;
			children = (
				544605BB1790D49B006B3438 /* en */,
			);
			name = InfoPlist.strings;
			sourceTree = "<group>";
		};
/* End PBXVariantGroup section */

/* Begin XCBuildConfiguration section */
		544605C91790D49B006B3438 /* Debug */ = {
			isa = XCBuildConfiguration;
			buildSettings = {
				ALWAYS_SEARCH_USER_PATHS = NO;
				CLANG_CXX_LANGUAGE_STANDARD = "gnu++0x";
				CLANG_CXX_LIBRARY = "libc++";
				CLANG_ENABLE_OBJC_ARC = YES;
				CLANG_WARN_CONSTANT_CONVERSION = YES;
				CLANG_WARN_EMPTY_BODY = YES;
				CLANG_WARN_ENUM_CONVERSION = YES;
				CLANG_WARN_INT_CONVERSION = YES;
				CLANG_WARN__DUPLICATE_METHOD_MATCH = YES;
				"CODE_SIGN_IDENTITY[sdk=iphoneos*]" = "iPhone Developer";
				COPY_PHASE_STRIP = NO;
				GCC_C_LANGUAGE_STANDARD = gnu99;
				GCC_DYNAMIC_NO_PIC = NO;
				GCC_OPTIMIZATION_LEVEL = 0;
				GCC_PREPROCESSOR_DEFINITIONS = (
					"DEBUG=1",
					"$(inherited)",
				);
				GCC_SYMBOLS_PRIVATE_EXTERN = NO;
				GCC_WARN_ABOUT_RETURN_TYPE = YES;
				GCC_WARN_UNINITIALIZED_AUTOS = YES;
				GCC_WARN_UNUSED_VARIABLE = YES;
				IPHONEOS_DEPLOYMENT_TARGET = 6.1;
				ONLY_ACTIVE_ARCH = YES;
				SDKROOT = iphoneos;
			};
			name = Debug;
		};
		544605CA1790D49B006B3438 /* Release */ = {
			isa = XCBuildConfiguration;
			buildSettings = {
				ALWAYS_SEARCH_USER_PATHS = NO;
				CLANG_CXX_LANGUAGE_STANDARD = "gnu++0x";
				CLANG_CXX_LIBRARY = "libc++";
				CLANG_ENABLE_OBJC_ARC = YES;
				CLANG_WARN_CONSTANT_CONVERSION = YES;
				CLANG_WARN_EMPTY_BODY = YES;
				CLANG_WARN_ENUM_CONVERSION = YES;
				CLANG_WARN_INT_CONVERSION = YES;
				CLANG_WARN__DUPLICATE_METHOD_MATCH = YES;
				"CODE_SIGN_IDENTITY[sdk=iphoneos*]" = "iPhone Developer";
				COPY_PHASE_STRIP = YES;
				GCC_C_LANGUAGE_STANDARD = gnu99;
				GCC_WARN_ABOUT_RETURN_TYPE = YES;
				GCC_WARN_UNINITIALIZED_AUTOS = YES;
				GCC_WARN_UNUSED_VARIABLE = YES;
				IPHONEOS_DEPLOYMENT_TARGET = 6.1;
				OTHER_CFLAGS = "-DNS_BLOCK_ASSERTIONS=1";
				SDKROOT = iphoneos;
				VALIDATE_PRODUCT = YES;
			};
			name = Release;
		};
		544605CC1790D49B006B3438 /* Debug */ = {
			isa = XCBuildConfiguration;
			buildSettings = {
				GCC_PRECOMPILE_PREFIX_HEADER = YES;
				GCC_PREFIX_HEADER = "VideoFix/VideoFix-Prefix.pch";
				INFOPLIST_FILE = "VideoFix/VideoFix-Info.plist";
				OTHER_LDFLAGS = "";
				PRODUCT_NAME = "$(TARGET_NAME)";
				WRAPPER_EXTENSION = app;
			};
			name = Debug;
		};
		544605CD1790D49B006B3438 /* Release */ = {
			isa = XCBuildConfiguration;
			buildSettings = {
				GCC_PRECOMPILE_PREFIX_HEADER = YES;
				GCC_PREFIX_HEADER = "VideoFix/VideoFix-Prefix.pch";
				INFOPLIST_FILE = "VideoFix/VideoFix-Info.plist";
				OTHER_LDFLAGS = "";
				PRODUCT_NAME = "$(TARGET_NAME)";
				WRAPPER_EXTENSION = app;
			};
			name = Release;
		};
/* End XCBuildConfiguration section */

/* Begin XCConfigurationList section */
		544605A91790D49B006B3438 /* Build configuration list for PBXProject "VideoFix" */ = {
			isa = XCConfigurationList;
			buildConfigurations = (
				544605C91790D49B006B3438 /* Debug */,
				544605CA1790D49B006B3438 /* Release */,
			);
			defaultConfigurationIsVisible = 0;
			defaultConfigurationName = Release;
		};
		544605CB1790D49B006B3438 /* Build configuration list for PBXNativeTarget "VideoFix" */ = {
			isa = XCConfigurationList;
			buildConfigurations = (
				544605CC1790D49B006B3438 /* Debug */,
				544605CD1790D49B006B3438 /* Release */,
			);
			defaultConfigurationIsVisible = 0;
			defaultConfigurationName = Release;
		};
/* End XCConfigurationList section */
	};
	rootObject = 544605A61790D49B006B3438 /* Project object */;
}
